
Microsoft Visual Studio Solution File, Format Version 12.00
# Visual Studio Version 17
VisualStudioVersion = 17.4.33213.308
MinimumVisualStudioVersion = 10.0.40219.1
Project("{FAE04EC0-301F-11D3-BF4B-00C04F79EFBC}") = "Jeopardy.Console", "Jeopardy.Console\Jeopardy.Console.csproj", "{374B69FC-D0C1-4FA0-AE7C-CC7E3A692D8D}"
EndProject
Global
	GlobalSection(SolutionConfigurationPlatforms) = preSolution
		Debug|Any CPU = Debug|Any CPU
		Release|Any CPU = Release|Any CPU
	EndGlobalSection
	GlobalSection(ProjectConfigurationPlatforms) = postSolution
		{374B69FC-D0C1-4FA0-AE7C-CC7E3A692D8D}.Debug|Any CPU.ActiveCfg = Debug|Any CPU
		{374B69FC-D0C1-4FA0-AE7C-CC7E3A692D8D}.Debug|Any CPU.Build.0 = Debug|Any CPU
		{374B69FC-D0C1-4FA0-AE7C-CC7E3A692D8D}.Release|Any CPU.ActiveCfg = Release|Any CPU
		{374B69FC-D0C1-4FA0-AE7C-CC7E3A692D8D}.Release|Any CPU.Build.0 = Release|Any CPU
	EndGlobalSection
	GlobalSection(SolutionProperties) = preSolution
		HideSolutionNode = FALSE
	EndGlobalSection
	GlobalSection(ExtensibilityGlobals) = postSolution
		SolutionGuid = {521DCAF0-B219-4B72-9D44-A32AF13B4807}
	EndGlobalSection
EndGlobal
